
Microsoft Visual Studio Solution File, Format Version 12.00
# Visual Studio Version 16
VisualStudioVersion = 16.0.29306.81
MinimumVisualStudioVersion = 10.0.40219.1
Project("{FAE04EC0-301F-11D3-BF4B-00C04F79EFBC}") = "Sea Battle", "Sea Battle\Sea Battle.csproj", "{33AC12BD-27E4-49A6-B9EC-405BABB8B17A}"
EndProject
Global
	GlobalSection(SolutionConfigurationPlatforms) = preSolution
		Debug|Any CPU = Debug|Any CPU
		Release|Any CPU = Release|Any CPU
	EndGlobalSection
	GlobalSection(ProjectConfigurationPlatforms) = postSolution
		{33AC12BD-27E4-49A6-B9EC-405BABB8B17A}.Debug|Any CPU.ActiveCfg = Debug|Any CPU
		{33AC12BD-27E4-49A6-B9EC-405BABB8B17A}.Debug|Any CPU.Build.0 = Debug|Any CPU
		{33AC12BD-27E4-49A6-B9EC-405BABB8B17A}.Release|Any CPU.ActiveCfg = Release|Any CPU
		{33AC12BD-27E4-49A6-B9EC-405BABB8B17A}.Release|Any CPU.Build.0 = Release|Any CPU
	EndGlobalSection
	GlobalSection(SolutionProperties) = preSolution
		HideSolutionNode = FALSE
	EndGlobalSection
	GlobalSection(ExtensibilityGlobals) = postSolution
		SolutionGuid = {6DC42925-568F-4952-BBCE-8AAA907B1A68}
	EndGlobalSection
EndGlobal
